
Microsoft Visual Studio Solution File, Format Version 12.00
# Visual Studio Version 17
VisualStudioVersion = 17.14.36518.9 d17.14
MinimumVisualStudioVersion = 10.0.40219.1
Project("{FAE04EC0-301F-11D3-BF4B-00C04F79EFBC}") = "TickVibe", "TickVibe\TickVibe.csproj", "{80B42086-47F7-4D9D-B079-007F534AB2DC}"
EndProject
Project("{FAE04EC0-301F-11D3-BF4B-00C04F79EFBC}") = "TickVibeLib", "TickVibeLib\TickVibeLib.csproj", "{6782137C-68DA-493E-B933-D9CD8035387E}"
EndProject
Global
	GlobalSection(SolutionConfigurationPlatforms) = preSolution
		Debug|Any CPU = Debug|Any CPU
		Release|Any CPU = Release|Any CPU
	EndGlobalSection
	GlobalSection(ProjectConfigurationPlatforms) = postSolution
		{80B42086-47F7-4D9D-B079-007F534AB2DC}.Debug|Any CPU.ActiveCfg = Debug|Any CPU
		{80B42086-47F7-4D9D-B079-007F534AB2DC}.Debug|Any CPU.Build.0 = Debug|Any CPU
		{80B42086-47F7-4D9D-B079-007F534AB2DC}.Release|Any CPU.ActiveCfg = Release|Any CPU
		{80B42086-47F7-4D9D-B079-007F534AB2DC}.Release|Any CPU.Build.0 = Release|Any CPU
		{6782137C-68DA-493E-B933-D9CD8035387E}.Debug|Any CPU.ActiveCfg = Debug|Any CPU
		{6782137C-68DA-493E-B933-D9CD8035387E}.Debug|Any CPU.Build.0 = Debug|Any CPU
		{6782137C-68DA-493E-B933-D9CD8035387E}.Release|Any CPU.ActiveCfg = Release|Any CPU
		{6782137C-68DA-493E-B933-D9CD8035387E}.Release|Any CPU.Build.0 = Release|Any CPU
	EndGlobalSection
	GlobalSection(SolutionProperties) = preSolution
		HideSolutionNode = FALSE
	EndGlobalSection
	GlobalSection(ExtensibilityGlobals) = postSolution
		SolutionGuid = {0D32A976-EA3D-4B08-8DA1-20A0C4D1BE07}
	EndGlobalSection
EndGlobal
